PODS:
  - Firebase/Core (4.11.0):
    - FirebaseAnalytics (= 4.1.0)
    - FirebaseCore (= 4.0.18)
  - Firebase/Messaging (4.11.0):
    - Firebase/Core
    - FirebaseMessaging (= 2.1.1)
  - firebase_analytics (0.0.1):
    - Firebase/Core
    - Flutter
  - firebase_messaging (0.0.1):
    - Firebase/Core
    - Firebase/Messaging
    - Flutter
  - FirebaseAnalytics (4.1.0):
    - FirebaseCore (~> 4.0)
    - FirebaseInstanceID (~> 2.0)
    - "GoogleToolboxForMac/NSData+zlib (~> 2.1)"
    - nanopb (~> 0.3)
  - FirebaseCore (4.0.18):
    - "GoogleToolboxForMac/NSData+zlib (~> 2.1)"
  - FirebaseInstanceID (2.0.10):
    - FirebaseCore (~> 4.0)
  - FirebaseMessaging (2.1.1):
    - FirebaseAnalytics (~> 4.1)
    - FirebaseCore (~> 4.0)
    - FirebaseInstanceID (~> 2.0)
    - GoogleToolboxForMac/Logger (~> 2.1)
    - Protobuf (~> 3.5)
  - Flutter (1.0.0)
  - flutter_custom_tabs (0.0.1):
    - Flutter
  - GoogleToolboxForMac/Defines (2.1.3)
  - GoogleToolboxForMac/Logger (2.1.3):
    - GoogleToolboxForMac/Defines (= 2.1.3)
  - "GoogleToolboxForMac/NSData+zlib (2.1.3)":
    - GoogleToolboxForMac/Defines (= 2.1.3)
  - nanopb (0.3.8):
    - nanopb/decode (= 0.3.8)
    - nanopb/encode (= 0.3.8)
  - nanopb/decode (0.3.8)
  - nanopb/encode (0.3.8)
  - Protobuf (3.5.0)
  - share (0.0.1):
    - Flutter
  - shared_preferences (0.0.1):
    - Flutter
  - url_launcher (0.0.1):
    - Flutter

DEPENDENCIES:
  - firebase_analytics (from `/Users/gabriel/.pub-cache/hosted/pub.dartlang.org/firebase_analytics-0.3.3/ios`)
  - firebase_messaging (from `/Users/gabriel/.pub-cache/hosted/pub.dartlang.org/firebase_messaging-0.2.5/ios`)
  - Flutter (from `/Users/gabriel/flutter/bin/cache/artifacts/engine/ios-release`)
  - flutter_custom_tabs (from `/Users/gabriel/.pub-cache/hosted/pub.dartlang.org/flutter_custom_tabs-0.2.0/ios`)
  - share (from `/Users/gabriel/.pub-cache/hosted/pub.dartlang.org/share-0.4.0/ios`)
  - shared_preferences (from `/Users/gabriel/.pub-cache/hosted/pub.dartlang.org/shared_preferences-0.4.1/ios`)
  - url_launcher (from `/Users/gabriel/.pub-cache/hosted/pub.dartlang.org/url_launcher-3.0.1/ios`)

SPEC REPOS:
  https://github.com/cocoapods/specs.git:
    - Firebase
    - FirebaseAnalytics
    - FirebaseCore
    - FirebaseInstanceID
    - FirebaseMessaging
    - GoogleToolboxForMac
    - nanopb
    - Protobuf

EXTERNAL SOURCES:
  firebase_analytics:
    :path: "/Users/gabriel/.pub-cache/hosted/pub.dartlang.org/firebase_analytics-0.3.3/ios"
  firebase_messaging:
    :path: "/Users/gabriel/.pub-cache/hosted/pub.dartlang.org/firebase_messaging-0.2.5/ios"
  Flutter:
    :path: "/Users/gabriel/flutter/bin/cache/artifacts/engine/ios-release"
  flutter_custom_tabs:
    :path: "/Users/gabriel/.pub-cache/hosted/pub.dartlang.org/flutter_custom_tabs-0.2.0/ios"
  share:
    :path: "/Users/gabriel/.pub-cache/hosted/pub.dartlang.org/share-0.4.0/ios"
  shared_preferences:
    :path: "/Users/gabriel/.pub-cache/hosted/pub.dartlang.org/shared_preferences-0.4.1/ios"
  url_launcher:
    :path: "/Users/gabriel/.pub-cache/hosted/pub.dartlang.org/url_launcher-3.0.1/ios"

SPEC CHECKSUMS:
  Firebase: cc13dfab1038c8b45d7903e01fc690451d6d0b24
  firebase_analytics: fcc60a9de4b8e07aa5af8941303a7f5fe6e0383f
  firebase_messaging: a5f5d4a9491b660f33a1f94bd0596558f820bad1
  FirebaseAnalytics: 3dfae28d4a5e06f86c4fae830efc2ad3fadb19bc
  FirebaseCore: b981f47e5254cbcfdeb483355300d743f6fcab2c
  FirebaseInstanceID: 8d20d890d65c917f9f7d9950b6e10a760ad34321
  FirebaseMessaging: db0e01c52ef7e1f42846431273558107d084ede4
  Flutter: 9d0fac939486c9aba2809b7982dfdbb47a7b0296
  flutter_custom_tabs: 8dcb85ffe874ee8fd8139bb3960743efeaf521ee
  GoogleToolboxForMac: 2501e2ad72a52eb3dfe7bd9aee7dad11b858bd20
  nanopb: 5601e6bca2dbf1ed831b519092ec110f66982ca3
  Protobuf: 8a9838fba8dae3389230e1b7f8c104aa32389c03
  share: 8d04605548e55f7ce4ebb7b3e933f3c85028c9cf
  shared_preferences: 5a1d487c427ee18fcd3ea1f2a131569481834b53
  url_launcher: 92b89c1029a0373879933c21642958c874539095

PODFILE CHECKSUM: c6c865faff84807a5d35de69eb2cdbdc36b99e15

COCOAPODS: 1.5.2
